
Microsoft Visual Studio Solution File, Format Version 12.00
# Visual Studio Version 17
VisualStudioVersion = 17.14.36109.1
MinimumVisualStudioVersion = 10.0.40219.1
Project("{FAE04EC0-301F-11D3-BF4B-00C04F79EFBC}") = "Task3", "LabWork44\Task3.csproj", "{3EFCEE48-FAA0-4BC3-9083-425CD25D3F27}"
EndProject
Project("{FAE04EC0-301F-11D3-BF4B-00C04F79EFBC}") = "Task4", "Task4\Task4.csproj", "{B79977F5-2D6A-4F42-BB76-EEB7BAA3AC2C}"
EndProject
Global
	GlobalSection(SolutionConfigurationPlatforms) = preSolution
		Debug|Any CPU = Debug|Any CPU
		Release|Any CPU = Release|Any CPU
	EndGlobalSection
	GlobalSection(ProjectConfigurationPlatforms) = postSolution
		{3EFCEE48-FAA0-4BC3-9083-425CD25D3F27}.Debug|Any CPU.ActiveCfg = Debug|Any CPU
		{3EFCEE48-FAA0-4BC3-9083-425CD25D3F27}.Debug|Any CPU.Build.0 = Debug|Any CPU
		{3EFCEE48-FAA0-4BC3-9083-425CD25D3F27}.Release|Any CPU.ActiveCfg = Release|Any CPU
		{3EFCEE48-FAA0-4BC3-9083-425CD25D3F27}.Release|Any CPU.Build.0 = Release|Any CPU
		{B79977F5-2D6A-4F42-BB76-EEB7BAA3AC2C}.Debug|Any CPU.ActiveCfg = Debug|Any CPU
		{B79977F5-2D6A-4F42-BB76-EEB7BAA3AC2C}.Debug|Any CPU.Build.0 = Debug|Any CPU
		{B79977F5-2D6A-4F42-BB76-EEB7BAA3AC2C}.Release|Any CPU.ActiveCfg = Release|Any CPU
		{B79977F5-2D6A-4F42-BB76-EEB7BAA3AC2C}.Release|Any CPU.Build.0 = Release|Any CPU
	EndGlobalSection
	GlobalSection(SolutionProperties) = preSolution
		HideSolutionNode = FALSE
	EndGlobalSection
	GlobalSection(ExtensibilityGlobals) = postSolution
		SolutionGuid = {393C4D83-2420-4575-A82B-FC7E07CD4B61}
	EndGlobalSection
EndGlobal
